
Microsoft Visual Studio Solution File, Format Version 12.00
# Visual Studio Version 17
VisualStudioVersion = 17.14.36908.2
MinimumVisualStudioVersion = 10.0.40219.1
Project("{8BC9CEB8-8B4A-11D0-8D11-00A0C91BC942}") = "CardGameInventory", "CardGameInventory\CardGameInventory.vcxproj", "{DEA61522-DC5B-4591-9655-BE58275F80B7}"
EndProject
Global
	GlobalSection(SolutionConfigurationPlatforms) = preSolution
		Debug|x64 = Debug|x64
		Release|x64 = Release|x64
	EndGlobalSection
	GlobalSection(ProjectConfigurationPlatforms) = postSolution
		{DEA61522-DC5B-4591-9655-BE58275F80B7}.Debug|x64.ActiveCfg = Debug|x64
		{DEA61522-DC5B-4591-9655-BE58275F80B7}.Debug|x64.Build.0 = Debug|x64
		{DEA61522-DC5B-4591-9655-BE58275F80B7}.Release|x64.ActiveCfg = Release|x64
		{DEA61522-DC5B-4591-9655-BE58275F80B7}.Release|x64.Build.0 = Release|x64
	EndGlobalSection
	GlobalSection(SolutionProperties) = preSolution
		HideSolutionNode = FALSE
	EndGlobalSection
	GlobalSection(ExtensibilityGlobals) = postSolution
		SolutionGuid = {1FC2EB56-79AA-4B2E-9018-AAE782771A92}
	EndGlobalSection
EndGlobal
